
Microsoft Visual Studio Solution File, Format Version 12.00
# Visual Studio Version 17
VisualStudioVersion = 17.14.36518.9 d17.14
MinimumVisualStudioVersion = 10.0.40219.1
Project("{FAE04EC0-301F-11D3-BF4B-00C04F79EFBC}") = "DesktopDashboard", "DesktopDashboard\DesktopDashboard.csproj", "{DB2E56DE-FA29-40B1-AB93-1121B937CFCD}"
EndProject
Global
	GlobalSection(SolutionConfigurationPlatforms) = preSolution
		Debug|Any CPU = Debug|Any CPU
		Release|Any CPU = Release|Any CPU
	EndGlobalSection
	GlobalSection(ProjectConfigurationPlatforms) = postSolution
		{DB2E56DE-FA29-40B1-AB93-1121B937CFCD}.Debug|Any CPU.ActiveCfg = Debug|Any CPU
		{DB2E56DE-FA29-40B1-AB93-1121B937CFCD}.Debug|Any CPU.Build.0 = Debug|Any CPU
		{DB2E56DE-FA29-40B1-AB93-1121B937CFCD}.Release|Any CPU.ActiveCfg = Release|Any CPU
		{DB2E56DE-FA29-40B1-AB93-1121B937CFCD}.Release|Any CPU.Build.0 = Release|Any CPU
	EndGlobalSection
	GlobalSection(SolutionProperties) = preSolution
		HideSolutionNode = FALSE
	EndGlobalSection
	GlobalSection(ExtensibilityGlobals) = postSolution
		SolutionGuid = {579FA6E9-1E73-411C-BAE9-9ADF39AD77E8}
	EndGlobalSection
EndGlobal
